
Microsoft Visual Studio Solution File, Format Version 12.00
# Visual Studio Version 16
VisualStudioVersion = 16.0.29926.136
MinimumVisualStudioVersion = 10.0.40219.1
Project("{2150E333-8FDC-42A3-9474-1A3956D46DE8}") = "Core", "Core", "{6DD6CCD2-242F-4A0A-93A8-F91DE5BC0537}"
EndProject
Project("{9A19103F-16F7-4668-BE54-9A1E7A4F7556}") = "SharpLog.Core", "SharpLog.Core\SharpLog.Core.csproj", "{7ADBC02E-0942-4512-832A-8C3FEB6CEC6B}"
EndProject
Project("{2150E333-8FDC-42A3-9474-1A3956D46DE8}") = "WebAPI", "WebAPI", "{7E55239B-76FC-47C2-B262-F646A915602E}"
EndProject
Project("{9A19103F-16F7-4668-BE54-9A1E7A4F7556}") = "SharpLog.Security.WebAPI", "SharpLog.Security.WebAPI\SharpLog.Security.WebAPI.csproj", "{65FDCE0D-0B91-4F9D-AB9F-F92550292613}"
EndProject
Project("{2150E333-8FDC-42A3-9474-1A3956D46DE8}") = "Infrastructure", "Infrastructure", "{96E5303B-F65A-4908-BBAD-E23CE22CA24C}"
EndProject
Project("{9A19103F-16F7-4668-BE54-9A1E7A4F7556}") = "SharpLog.Security.Infrastructure.Google", "SharpLog.Infrastructure.Security.Google\SharpLog.Security.Infrastructure.Google.csproj", "{A00B2D88-F832-4980-82A9-9D80C9D3C548}"
EndProject
Project("{2150E333-8FDC-42A3-9474-1A3956D46DE8}") = "Security", "Security", "{A78B0D00-43E6-4811-A98B-6317BD992672}"
EndProject
Project("{2150E333-8FDC-42A3-9474-1A3956D46DE8}") = "Google", "Google", "{9313BB6E-B605-4650-9939-E2571D7ECD5D}"
EndProject
Project("{2150E333-8FDC-42A3-9474-1A3956D46DE8}") = "Security", "Security", "{756DE59B-72E0-4977-9642-204057DFAA99}"
EndProject
Project("{9A19103F-16F7-4668-BE54-9A1E7A4F7556}") = "SharpLog.Framework.WebAPI", "SharpLog.Framework.WebApi\SharpLog.Framework.WebAPI.csproj", "{ACA290F0-849C-4D47-857E-A6C42C738090}"
EndProject
Project("{2150E333-8FDC-42A3-9474-1A3956D46DE8}") = "Security", "Security", "{324A7698-2D7A-4C0D-B81D-EB56506E81F1}"
EndProject
Project("{9A19103F-16F7-4668-BE54-9A1E7A4F7556}") = "SharpLog.Security.Core", "SharpLog.Security.Core\SharpLog.Security.Core.csproj", "{5E1E2F47-3E97-46C7-A507-811F4A6681C6}"
EndProject
Project("{9A19103F-16F7-4668-BE54-9A1E7A4F7556}") = "SharpLog.Security.Infrastructure", "SharpLog.Security.Infrastructure\SharpLog.Security.Infrastructure.csproj", "{51AD9BC1-0963-49C1-9FA8-7511E34C77E7}"
EndProject
Project("{2150E333-8FDC-42A3-9474-1A3956D46DE8}") = "Users", "Users", "{052D878C-3A81-41B1-92EA-01A2B6730E2C}"
EndProject
Project("{FAE04EC0-301F-11D3-BF4B-00C04F79EFBC}") = "SharpLog.Users.WebAPI", "SharpLog.Users.WebAPI\SharpLog.Users.WebAPI.csproj", "{10912F7E-7676-4D8A-AA86-1914E7AA779B}"
EndProject
Project("{2150E333-8FDC-42A3-9474-1A3956D46DE8}") = "Users", "Users", "{9D9FD77B-4913-4241-95FE-939A7EC881DF}"
EndProject
Project("{FAE04EC0-301F-11D3-BF4B-00C04F79EFBC}") = "SharpLog.Users.Core", "SharpLog.Users.Core\SharpLog.Users.Core.csproj", "{F87BD3D5-1A46-4579-85A1-E43F1DB8E3C0}"
EndProject
Global
	GlobalSection(SolutionConfigurationPlatforms) = preSolution
		Debug|Any CPU = Debug|Any CPU
		Release|Any CPU = Release|Any CPU
	EndGlobalSection
	GlobalSection(ProjectConfigurationPlatforms) = postSolution
		{7ADBC02E-0942-4512-832A-8C3FEB6CEC6B}.Debug|Any CPU.ActiveCfg = Debug|Any CPU
		{7ADBC02E-0942-4512-832A-8C3FEB6CEC6B}.Debug|Any CPU.Build.0 = Debug|Any CPU
		{7ADBC02E-0942-4512-832A-8C3FEB6CEC6B}.Release|Any CPU.ActiveCfg = Release|Any CPU
		{7ADBC02E-0942-4512-832A-8C3FEB6CEC6B}.Release|Any CPU.Build.0 = Release|Any CPU
		{65FDCE0D-0B91-4F9D-AB9F-F92550292613}.Debug|Any CPU.ActiveCfg = Debug|Any CPU
		{65FDCE0D-0B91-4F9D-AB9F-F92550292613}.Debug|Any CPU.Build.0 = Debug|Any CPU
		{65FDCE0D-0B91-4F9D-AB9F-F92550292613}.Release|Any CPU.ActiveCfg = Release|Any CPU
		{65FDCE0D-0B91-4F9D-AB9F-F92550292613}.Release|Any CPU.Build.0 = Release|Any CPU
		{A00B2D88-F832-4980-82A9-9D80C9D3C548}.Debug|Any CPU.ActiveCfg = Debug|Any CPU
		{A00B2D88-F832-4980-82A9-9D80C9D3C548}.Debug|Any CPU.Build.0 = Debug|Any CPU
		{A00B2D88-F832-4980-82A9-9D80C9D3C548}.Release|Any CPU.ActiveCfg = Release|Any CPU
		{A00B2D88-F832-4980-82A9-9D80C9D3C548}.Release|Any CPU.Build.0 = Release|Any CPU
		{ACA290F0-849C-4D47-857E-A6C42C738090}.Debug|Any CPU.ActiveCfg = Debug|Any CPU
		{ACA290F0-849C-4D47-857E-A6C42C738090}.Debug|Any CPU.Build.0 = Debug|Any CPU
		{ACA290F0-849C-4D47-857E-A6C42C738090}.Release|Any CPU.ActiveCfg = Release|Any CPU
		{ACA290F0-849C-4D47-857E-A6C42C738090}.Release|Any CPU.Build.0 = Release|Any CPU
		{5E1E2F47-3E97-46C7-A507-811F4A6681C6}.Debug|Any CPU.ActiveCfg = Debug|Any CPU
		{5E1E2F47-3E97-46C7-A507-811F4A6681C6}.Debug|Any CPU.Build.0 = Debug|Any CPU
		{5E1E2F47-3E97-46C7-A507-811F4A6681C6}.Release|Any CPU.ActiveCfg = Release|Any CPU
		{5E1E2F47-3E97-46C7-A507-811F4A6681C6}.Release|Any CPU.Build.0 = Release|Any CPU
		{51AD9BC1-0963-49C1-9FA8-7511E34C77E7}.Debug|Any CPU.ActiveCfg = Debug|Any CPU
		{51AD9BC1-0963-49C1-9FA8-7511E34C77E7}.Debug|Any CPU.Build.0 = Debug|Any CPU
		{51AD9BC1-0963-49C1-9FA8-7511E34C77E7}.Release|Any CPU.ActiveCfg = Release|Any CPU
		{51AD9BC1-0963-49C1-9FA8-7511E34C77E7}.Release|Any CPU.Build.0 = Release|Any CPU
		{10912F7E-7676-4D8A-AA86-1914E7AA779B}.Debug|Any CPU.ActiveCfg = Debug|Any CPU
		{10912F7E-7676-4D8A-AA86-1914E7AA779B}.Debug|Any CPU.Build.0 = Debug|Any CPU
		{10912F7E-7676-4D8A-AA86-1914E7AA779B}.Release|Any CPU.ActiveCfg = Release|Any CPU
		{10912F7E-7676-4D8A-AA86-1914E7AA779B}.Release|Any CPU.Build.0 = Release|Any CPU
		{F87BD3D5-1A46-4579-85A1-E43F1DB8E3C0}.Debug|Any CPU.ActiveCfg = Debug|Any CPU
		{F87BD3D5-1A46-4579-85A1-E43F1DB8E3C0}.Debug|Any CPU.Build.0 = Debug|Any CPU
		{F87BD3D5-1A46-4579-85A1-E43F1DB8E3C0}.Release|Any CPU.ActiveCfg = Release|Any CPU
		{F87BD3D5-1A46-4579-85A1-E43F1DB8E3C0}.Release|Any CPU.Build.0 = Release|Any CPU
	EndGlobalSection
	GlobalSection(SolutionProperties) = preSolution
		HideSolutionNode = FALSE
	EndGlobalSection
	GlobalSection(NestedProjects) = preSolution
		{7ADBC02E-0942-4512-832A-8C3FEB6CEC6B} = {6DD6CCD2-242F-4A0A-93A8-F91DE5BC0537}
		{65FDCE0D-0B91-4F9D-AB9F-F92550292613} = {756DE59B-72E0-4977-9642-204057DFAA99}
		{A00B2D88-F832-4980-82A9-9D80C9D3C548} = {9313BB6E-B605-4650-9939-E2571D7ECD5D}
		{A78B0D00-43E6-4811-A98B-6317BD992672} = {96E5303B-F65A-4908-BBAD-E23CE22CA24C}
		{9313BB6E-B605-4650-9939-E2571D7ECD5D} = {A78B0D00-43E6-4811-A98B-6317BD992672}
		{756DE59B-72E0-4977-9642-204057DFAA99} = {7E55239B-76FC-47C2-B262-F646A915602E}
		{ACA290F0-849C-4D47-857E-A6C42C738090} = {7E55239B-76FC-47C2-B262-F646A915602E}
		{324A7698-2D7A-4C0D-B81D-EB56506E81F1} = {6DD6CCD2-242F-4A0A-93A8-F91DE5BC0537}
		{5E1E2F47-3E97-46C7-A507-811F4A6681C6} = {324A7698-2D7A-4C0D-B81D-EB56506E81F1}
		{51AD9BC1-0963-49C1-9FA8-7511E34C77E7} = {A78B0D00-43E6-4811-A98B-6317BD992672}
		{052D878C-3A81-41B1-92EA-01A2B6730E2C} = {7E55239B-76FC-47C2-B262-F646A915602E}
		{10912F7E-7676-4D8A-AA86-1914E7AA779B} = {052D878C-3A81-41B1-92EA-01A2B6730E2C}
		{9D9FD77B-4913-4241-95FE-939A7EC881DF} = {6DD6CCD2-242F-4A0A-93A8-F91DE5BC0537}
		{F87BD3D5-1A46-4579-85A1-E43F1DB8E3C0} = {9D9FD77B-4913-4241-95FE-939A7EC881DF}
	EndGlobalSection
	GlobalSection(ExtensibilityGlobals) = postSolution
		SolutionGuid = {7965C9E2-388F-40B0-B2DB-432AA135321D}
	EndGlobalSection
EndGlobal
