
Microsoft Visual Studio Solution File, Format Version 12.00
# Visual Studio Version 16
VisualStudioVersion = 16.0.29926.136
MinimumVisualStudioVersion = 10.0.40219.1
Project("{2150E333-8FDC-42A3-9474-1A3956D46DE8}") = "Core", "Core", "{6DD6CCD2-242F-4A0A-93A8-F91DE5BC0537}"
EndProject
Project("{9A19103F-16F7-4668-BE54-9A1E7A4F7556}") = "SharpLog.Core", "SharpLog.Core\SharpLog.Core.csproj", "{7ADBC02E-0942-4512-832A-8C3FEB6CEC6B}"
EndProject
Project("{2150E333-8FDC-42A3-9474-1A3956D46DE8}") = "WebAPI", "WebAPI", "{7E55239B-76FC-47C2-B262-F646A915602E}"
EndProject
Project("{9A19103F-16F7-4668-BE54-9A1E7A4F7556}") = "SharpLog.Security.WebAPI", "SharpLog.Security.WebAPI\SharpLog.Security.WebAPI.csproj", "{65FDCE0D-0B91-4F9D-AB9F-F92550292613}"
EndProject
Project("{2150E333-8FDC-42A3-9474-1A3956D46DE8}") = "Infrastructure", "Infrastructure", "{96E5303B-F65A-4908-BBAD-E23CE22CA24C}"
EndProject
Project("{9A19103F-16F7-4668-BE54-9A1E7A4F7556}") = "SharpLog.Security.Infrastructure.Google", "SharpLog.Infrastructure.Security.Google\SharpLog.Security.Infrastructure.Google.csproj", "{A00B2D88-F832-4980-82A9-9D80C9D3C548}"
EndProject
Project("{2150E333-8FDC-42A3-9474-1A3956D46DE8}") = "Security", "Security", "{A78B0D00-43E6-4811-A98B-6317BD992672}"
EndProject
Project("{2150E333-8FDC-42A3-9474-1A3956D46DE8}") = "Google", "Google", "{9313BB6E-B605-4650-9939-E2571D7ECD5D}"
EndProject
Project("{2150E333-8FDC-42A3-9474-1A3956D46DE8}") = "Security", "Security", "{756DE59B-72E0-4977-9642-204057DFAA99}"
EndProject
Project("{9A19103F-16F7-4668-BE54-9A1E7A4F7556}") = "SharpLog.Framework.WebAPI", "SharpLog.Framework.WebApi\SharpLog.Framework.WebAPI.csproj", "{ACA290F0-849C-4D47-857E-A6C42C738090}"
EndProject
Project("{2150E333-8FDC-42A3-9474-1A3956D46DE8}") = "Security", "Security", "{324A7698-2D7A-4C0D-B81D-EB56506E81F1}"
EndProject
Project("{9A19103F-16F7-4668-BE54-9A1E7A4F7556}") = "SharpLog.Security.Core", "SharpLog.Security.Core\SharpLog.Security.Core.csproj", "{5E1E2F47-3E97-46C7-A507-811F4A6681C6}"
EndProject
Project("{9A19103F-16F7-4668-BE54-9A1E7A4F7556}") = "SharpLog.Security.Infrastructure", "SharpLog.Security.Infrastructure\SharpLog.Security.Infrastructure.csproj", "{51AD9BC1-0963-49C1-9FA8-7511E34C77E7}"
EndProject
Project("{2150E333-8FDC-42A3-9474-1A3956D46DE8}") = "Users", "Users", "{052D878C-3A81-41B1-92EA-01A2B6730E2C}"
EndProject
Project("{9A19103F-16F7-4668-BE54-9A1E7A4F7556}") = "SharpLog.Users.WebAPI", "SharpLog.Users.WebAPI\SharpLog.Users.WebAPI.csproj", "{10912F7E-7676-4D8A-AA86-1914E7AA779B}"
EndProject
Project("{2150E333-8FDC-42A3-9474-1A3956D46DE8}") = "Users", "Users", "{9D9FD77B-4913-4241-95FE-939A7EC881DF}"
EndProject
Project("{9A19103F-16F7-4668-BE54-9A1E7A4F7556}") = "SharpLog.Users.Core", "SharpLog.Users.Core\SharpLog.Users.Core.csproj", "{F87BD3D5-1A46-4579-85A1-E43F1DB8E3C0}"
EndProject
Project("{2150E333-8FDC-42A3-9474-1A3956D46DE8}") = "MongoDB", "MongoDB", "{79D3390E-76F8-4637-86B3-2353C43A5EC1}"
EndProject
Project("{9A19103F-16F7-4668-BE54-9A1E7A4F7556}") = "SharpLog.MongoDB.Infrastructure", "SharpLog.MongoDB.Infrastructure\SharpLog.MongoDB.Infrastructure.csproj", "{3CB00A63-2459-4E6F-AE04-81F4A5D1B8F0}"
EndProject
Project("{9A19103F-16F7-4668-BE54-9A1E7A4F7556}") = "SharpLog.Infrastructure", "SharpLog.Infrastructure\SharpLog.Infrastructure.csproj", "{5FC9FC50-51BE-4F73-A8ED-D08AD7AFBD75}"
EndProject
Project("{2150E333-8FDC-42A3-9474-1A3956D46DE8}") = "Gateway", "Gateway", "{CD66A065-6C9F-43DB-B074-BC2893EE7F51}"
EndProject
Project("{9A19103F-16F7-4668-BE54-9A1E7A4F7556}") = "SharpLog.Gateway.WebAPI", "SharpLog.Gateway.WebAPI\SharpLog.Gateway.WebAPI.csproj", "{9BDAFC69-258C-464A-A70F-B6E16F140BBC}"
EndProject
Project("{2150E333-8FDC-42A3-9474-1A3956D46DE8}") = "Backlog", "Backlog", "{38485BAF-B259-48D4-81A5-0956E32A067B}"
EndProject
Project("{9A19103F-16F7-4668-BE54-9A1E7A4F7556}") = "SharpLog.Backlog.Core", "SharpLog.Backlog.Core\SharpLog.Backlog.Core.csproj", "{94093632-784B-4721-8215-421F6EB5F520}"
EndProject
Project("{2150E333-8FDC-42A3-9474-1A3956D46DE8}") = "Backlog", "Backlog", "{95A87EA0-A586-4287-A81B-3667C879DEB5}"
EndProject
Project("{9A19103F-16F7-4668-BE54-9A1E7A4F7556}") = "SharpLog.Backlog.WebAPI", "SharpLog.Backlog.WebAPI\SharpLog.Backlog.WebAPI.csproj", "{EBDD7A44-FCD2-4320-BAF3-C9FB754B0D59}"
EndProject
Project("{2150E333-8FDC-42A3-9474-1A3956D46DE8}") = "IGDB", "IGDB", "{790139EB-5BB9-4507-93B1-C0EA8964FF1C}"
EndProject
Project("{9A19103F-16F7-4668-BE54-9A1E7A4F7556}") = "SharpLog.IGDB.WebAPI", "SharpLog.IGDB.WebAPI\SharpLog.IGDB.WebAPI.csproj", "{B0B31E5D-7654-4455-BE0D-36952A1DC5DF}"
EndProject
Project("{2150E333-8FDC-42A3-9474-1A3956D46DE8}") = "IGDB", "IGDB", "{92CE358E-E914-4ABD-BDBD-AACA77CB027A}"
EndProject
Project("{9A19103F-16F7-4668-BE54-9A1E7A4F7556}") = "SharpLog.IGDB.Core", "SharpLog.IGDB.Core\SharpLog.IGDB.Core.csproj", "{3C768D57-C852-4ECC-ADD8-4F82EF666028}"
EndProject
Project("{2150E333-8FDC-42A3-9474-1A3956D46DE8}") = "IGDB", "IGDB", "{301ACA09-057E-45D9-BD01-5E2D1BB10CEA}"
EndProject
Project("{FAE04EC0-301F-11D3-BF4B-00C04F79EFBC}") = "SharpLog.IGDB.Infrastructure", "SharpLog.IGDB.Infrastructure\SharpLog.IGDB.Infrastructure.csproj", "{2DC3AE11-938D-456A-8F0B-09AABFCAFAD9}"
EndProject
Global
	GlobalSection(SolutionConfigurationPlatforms) = preSolution
		Debug|Any CPU = Debug|Any CPU
		Release|Any CPU = Release|Any CPU
	EndGlobalSection
	GlobalSection(ProjectConfigurationPlatforms) = postSolution
		{7ADBC02E-0942-4512-832A-8C3FEB6CEC6B}.Debug|Any CPU.ActiveCfg = Debug|Any CPU
		{7ADBC02E-0942-4512-832A-8C3FEB6CEC6B}.Debug|Any CPU.Build.0 = Debug|Any CPU
		{7ADBC02E-0942-4512-832A-8C3FEB6CEC6B}.Release|Any CPU.ActiveCfg = Release|Any CPU
		{7ADBC02E-0942-4512-832A-8C3FEB6CEC6B}.Release|Any CPU.Build.0 = Release|Any CPU
		{65FDCE0D-0B91-4F9D-AB9F-F92550292613}.Debug|Any CPU.ActiveCfg = Debug|Any CPU
		{65FDCE0D-0B91-4F9D-AB9F-F92550292613}.Debug|Any CPU.Build.0 = Debug|Any CPU
		{65FDCE0D-0B91-4F9D-AB9F-F92550292613}.Release|Any CPU.ActiveCfg = Release|Any CPU
		{65FDCE0D-0B91-4F9D-AB9F-F92550292613}.Release|Any CPU.Build.0 = Release|Any CPU
		{A00B2D88-F832-4980-82A9-9D80C9D3C548}.Debug|Any CPU.ActiveCfg = Debug|Any CPU
		{A00B2D88-F832-4980-82A9-9D80C9D3C548}.Debug|Any CPU.Build.0 = Debug|Any CPU
		{A00B2D88-F832-4980-82A9-9D80C9D3C548}.Release|Any CPU.ActiveCfg = Release|Any CPU
		{A00B2D88-F832-4980-82A9-9D80C9D3C548}.Release|Any CPU.Build.0 = Release|Any CPU
		{ACA290F0-849C-4D47-857E-A6C42C738090}.Debug|Any CPU.ActiveCfg = Debug|Any CPU
		{ACA290F0-849C-4D47-857E-A6C42C738090}.Debug|Any CPU.Build.0 = Debug|Any CPU
		{ACA290F0-849C-4D47-857E-A6C42C738090}.Release|Any CPU.ActiveCfg = Release|Any CPU
		{ACA290F0-849C-4D47-857E-A6C42C738090}.Release|Any CPU.Build.0 = Release|Any CPU
		{5E1E2F47-3E97-46C7-A507-811F4A6681C6}.Debug|Any CPU.ActiveCfg = Debug|Any CPU
		{5E1E2F47-3E97-46C7-A507-811F4A6681C6}.Debug|Any CPU.Build.0 = Debug|Any CPU
		{5E1E2F47-3E97-46C7-A507-811F4A6681C6}.Release|Any CPU.ActiveCfg = Release|Any CPU
		{5E1E2F47-3E97-46C7-A507-811F4A6681C6}.Release|Any CPU.Build.0 = Release|Any CPU
		{51AD9BC1-0963-49C1-9FA8-7511E34C77E7}.Debug|Any CPU.ActiveCfg = Debug|Any CPU
		{51AD9BC1-0963-49C1-9FA8-7511E34C77E7}.Debug|Any CPU.Build.0 = Debug|Any CPU
		{51AD9BC1-0963-49C1-9FA8-7511E34C77E7}.Release|Any CPU.ActiveCfg = Release|Any CPU
		{51AD9BC1-0963-49C1-9FA8-7511E34C77E7}.Release|Any CPU.Build.0 = Release|Any CPU
		{10912F7E-7676-4D8A-AA86-1914E7AA779B}.Debug|Any CPU.ActiveCfg = Debug|Any CPU
		{10912F7E-7676-4D8A-AA86-1914E7AA779B}.Debug|Any CPU.Build.0 = Debug|Any CPU
		{10912F7E-7676-4D8A-AA86-1914E7AA779B}.Release|Any CPU.ActiveCfg = Release|Any CPU
		{10912F7E-7676-4D8A-AA86-1914E7AA779B}.Release|Any CPU.Build.0 = Release|Any CPU
		{F87BD3D5-1A46-4579-85A1-E43F1DB8E3C0}.Debug|Any CPU.ActiveCfg = Debug|Any CPU
		{F87BD3D5-1A46-4579-85A1-E43F1DB8E3C0}.Debug|Any CPU.Build.0 = Debug|Any CPU
		{F87BD3D5-1A46-4579-85A1-E43F1DB8E3C0}.Release|Any CPU.ActiveCfg = Release|Any CPU
		{F87BD3D5-1A46-4579-85A1-E43F1DB8E3C0}.Release|Any CPU.Build.0 = Release|Any CPU
		{3CB00A63-2459-4E6F-AE04-81F4A5D1B8F0}.Debug|Any CPU.ActiveCfg = Debug|Any CPU
		{3CB00A63-2459-4E6F-AE04-81F4A5D1B8F0}.Debug|Any CPU.Build.0 = Debug|Any CPU
		{3CB00A63-2459-4E6F-AE04-81F4A5D1B8F0}.Release|Any CPU.ActiveCfg = Release|Any CPU
		{3CB00A63-2459-4E6F-AE04-81F4A5D1B8F0}.Release|Any CPU.Build.0 = Release|Any CPU
		{5FC9FC50-51BE-4F73-A8ED-D08AD7AFBD75}.Debug|Any CPU.ActiveCfg = Debug|Any CPU
		{5FC9FC50-51BE-4F73-A8ED-D08AD7AFBD75}.Debug|Any CPU.Build.0 = Debug|Any CPU
		{5FC9FC50-51BE-4F73-A8ED-D08AD7AFBD75}.Release|Any CPU.ActiveCfg = Release|Any CPU
		{5FC9FC50-51BE-4F73-A8ED-D08AD7AFBD75}.Release|Any CPU.Build.0 = Release|Any CPU
		{9BDAFC69-258C-464A-A70F-B6E16F140BBC}.Debug|Any CPU.ActiveCfg = Debug|Any CPU
		{9BDAFC69-258C-464A-A70F-B6E16F140BBC}.Debug|Any CPU.Build.0 = Debug|Any CPU
		{9BDAFC69-258C-464A-A70F-B6E16F140BBC}.Release|Any CPU.ActiveCfg = Release|Any CPU
		{9BDAFC69-258C-464A-A70F-B6E16F140BBC}.Release|Any CPU.Build.0 = Release|Any CPU
		{94093632-784B-4721-8215-421F6EB5F520}.Debug|Any CPU.ActiveCfg = Debug|Any CPU
		{94093632-784B-4721-8215-421F6EB5F520}.Debug|Any CPU.Build.0 = Debug|Any CPU
		{94093632-784B-4721-8215-421F6EB5F520}.Release|Any CPU.ActiveCfg = Release|Any CPU
		{94093632-784B-4721-8215-421F6EB5F520}.Release|Any CPU.Build.0 = Release|Any CPU
		{EBDD7A44-FCD2-4320-BAF3-C9FB754B0D59}.Debug|Any CPU.ActiveCfg = Debug|Any CPU
		{EBDD7A44-FCD2-4320-BAF3-C9FB754B0D59}.Debug|Any CPU.Build.0 = Debug|Any CPU
		{EBDD7A44-FCD2-4320-BAF3-C9FB754B0D59}.Release|Any CPU.ActiveCfg = Release|Any CPU
		{EBDD7A44-FCD2-4320-BAF3-C9FB754B0D59}.Release|Any CPU.Build.0 = Release|Any CPU
		{B0B31E5D-7654-4455-BE0D-36952A1DC5DF}.Debug|Any CPU.ActiveCfg = Debug|Any CPU
		{B0B31E5D-7654-4455-BE0D-36952A1DC5DF}.Debug|Any CPU.Build.0 = Debug|Any CPU
		{B0B31E5D-7654-4455-BE0D-36952A1DC5DF}.Release|Any CPU.ActiveCfg = Release|Any CPU
		{B0B31E5D-7654-4455-BE0D-36952A1DC5DF}.Release|Any CPU.Build.0 = Release|Any CPU
		{3C768D57-C852-4ECC-ADD8-4F82EF666028}.Debug|Any CPU.ActiveCfg = Debug|Any CPU
		{3C768D57-C852-4ECC-ADD8-4F82EF666028}.Debug|Any CPU.Build.0 = Debug|Any CPU
		{3C768D57-C852-4ECC-ADD8-4F82EF666028}.Release|Any CPU.ActiveCfg = Release|Any CPU
		{3C768D57-C852-4ECC-ADD8-4F82EF666028}.Release|Any CPU.Build.0 = Release|Any CPU
		{2DC3AE11-938D-456A-8F0B-09AABFCAFAD9}.Debug|Any CPU.ActiveCfg = Debug|Any CPU
		{2DC3AE11-938D-456A-8F0B-09AABFCAFAD9}.Debug|Any CPU.Build.0 = Debug|Any CPU
		{2DC3AE11-938D-456A-8F0B-09AABFCAFAD9}.Release|Any CPU.ActiveCfg = Release|Any CPU
		{2DC3AE11-938D-456A-8F0B-09AABFCAFAD9}.Release|Any CPU.Build.0 = Release|Any CPU
	EndGlobalSection
	GlobalSection(SolutionProperties) = preSolution
		HideSolutionNode = FALSE
	EndGlobalSection
	GlobalSection(NestedProjects) = preSolution
		{7ADBC02E-0942-4512-832A-8C3FEB6CEC6B} = {6DD6CCD2-242F-4A0A-93A8-F91DE5BC0537}
		{65FDCE0D-0B91-4F9D-AB9F-F92550292613} = {756DE59B-72E0-4977-9642-204057DFAA99}
		{A00B2D88-F832-4980-82A9-9D80C9D3C548} = {9313BB6E-B605-4650-9939-E2571D7ECD5D}
		{A78B0D00-43E6-4811-A98B-6317BD992672} = {96E5303B-F65A-4908-BBAD-E23CE22CA24C}
		{9313BB6E-B605-4650-9939-E2571D7ECD5D} = {A78B0D00-43E6-4811-A98B-6317BD992672}
		{756DE59B-72E0-4977-9642-204057DFAA99} = {7E55239B-76FC-47C2-B262-F646A915602E}
		{ACA290F0-849C-4D47-857E-A6C42C738090} = {7E55239B-76FC-47C2-B262-F646A915602E}
		{324A7698-2D7A-4C0D-B81D-EB56506E81F1} = {6DD6CCD2-242F-4A0A-93A8-F91DE5BC0537}
		{5E1E2F47-3E97-46C7-A507-811F4A6681C6} = {324A7698-2D7A-4C0D-B81D-EB56506E81F1}
		{51AD9BC1-0963-49C1-9FA8-7511E34C77E7} = {A78B0D00-43E6-4811-A98B-6317BD992672}
		{052D878C-3A81-41B1-92EA-01A2B6730E2C} = {7E55239B-76FC-47C2-B262-F646A915602E}
		{10912F7E-7676-4D8A-AA86-1914E7AA779B} = {052D878C-3A81-41B1-92EA-01A2B6730E2C}
		{9D9FD77B-4913-4241-95FE-939A7EC881DF} = {6DD6CCD2-242F-4A0A-93A8-F91DE5BC0537}
		{F87BD3D5-1A46-4579-85A1-E43F1DB8E3C0} = {9D9FD77B-4913-4241-95FE-939A7EC881DF}
		{79D3390E-76F8-4637-86B3-2353C43A5EC1} = {96E5303B-F65A-4908-BBAD-E23CE22CA24C}
		{3CB00A63-2459-4E6F-AE04-81F4A5D1B8F0} = {79D3390E-76F8-4637-86B3-2353C43A5EC1}
		{5FC9FC50-51BE-4F73-A8ED-D08AD7AFBD75} = {96E5303B-F65A-4908-BBAD-E23CE22CA24C}
		{CD66A065-6C9F-43DB-B074-BC2893EE7F51} = {7E55239B-76FC-47C2-B262-F646A915602E}
		{9BDAFC69-258C-464A-A70F-B6E16F140BBC} = {CD66A065-6C9F-43DB-B074-BC2893EE7F51}
		{38485BAF-B259-48D4-81A5-0956E32A067B} = {6DD6CCD2-242F-4A0A-93A8-F91DE5BC0537}
		{94093632-784B-4721-8215-421F6EB5F520} = {38485BAF-B259-48D4-81A5-0956E32A067B}
		{95A87EA0-A586-4287-A81B-3667C879DEB5} = {7E55239B-76FC-47C2-B262-F646A915602E}
		{EBDD7A44-FCD2-4320-BAF3-C9FB754B0D59} = {95A87EA0-A586-4287-A81B-3667C879DEB5}
		{790139EB-5BB9-4507-93B1-C0EA8964FF1C} = {7E55239B-76FC-47C2-B262-F646A915602E}
		{B0B31E5D-7654-4455-BE0D-36952A1DC5DF} = {790139EB-5BB9-4507-93B1-C0EA8964FF1C}
		{92CE358E-E914-4ABD-BDBD-AACA77CB027A} = {6DD6CCD2-242F-4A0A-93A8-F91DE5BC0537}
		{3C768D57-C852-4ECC-ADD8-4F82EF666028} = {92CE358E-E914-4ABD-BDBD-AACA77CB027A}
		{301ACA09-057E-45D9-BD01-5E2D1BB10CEA} = {96E5303B-F65A-4908-BBAD-E23CE22CA24C}
		{2DC3AE11-938D-456A-8F0B-09AABFCAFAD9} = {301ACA09-057E-45D9-BD01-5E2D1BB10CEA}
	EndGlobalSection
	GlobalSection(ExtensibilityGlobals) = postSolution
		SolutionGuid = {7965C9E2-388F-40B0-B2DB-432AA135321D}
	EndGlobalSection
EndGlobal
